Microsoft Visual Studio Solution File, Format Version 12.00
# Visual Studio 15
VisualStudioVersion = 15.0.26124.0
MinimumVisualStudioVersion = 15.0.26124.0
Project("{2150E333-8FDC-42A3-9474-1A3956D46DE8}") = "src", "src", "{ED0E248A-2C5D-4E27-86BC-C56074AB25E9}"
EndProject
Project("{2150E333-8FDC-42A3-9474-1A3956D46DE8}") = "main", "main", "{C63AB6D1-75C8-4493-AB2B-585B65096DD9}"
EndProject
Project("{9A19103F-16F7-4668-BE54-9A1E7A4F7556}") = "chainsharp.app", "src\main\chainsharp.app\chainsharp.app.csproj", "{CB7D6D01-EC88-4C1E-8F76-9262BD98F330}"
EndProject
Project("{2150E333-8FDC-42A3-9474-1A3956D46DE8}") = "lib", "lib", "{ED2D44E4-D7C0-4507-BDA2-A7D347BC3DC9}"
EndProject
Project("{9A19103F-16F7-4668-BE54-9A1E7A4F7556}") = "chainsharp.lib", "src\main\lib\chainsharp\chainsharp.lib.csproj", "{C9F7B81D-04DC-4B6E-B009-E5B87CC122DB}"
EndProject
Project("{9A19103F-16F7-4668-BE54-9A1E7A4F7556}") = "chainsharp.datastructure.bplustree", "src\main\lib\datastructure\bplustree\chainsharp.datastructure.bplustree.csproj", "{608DD70A-FDA8-4AD1-8471-52D41BE1E4D5}"
EndProject
Project("{2150E333-8FDC-42A3-9474-1A3956D46DE8}") = "tests", "tests", "{CE5A0EA8-7457-4914-9546-40D23239AF24}"
EndProject
Project("{9A19103F-16F7-4668-BE54-9A1E7A4F7556}") = "chainsharp.tests.unit", "src\tests\unit\chainsharp.tests.unit.csproj", "{18A77EF3-2867-4FBE-93C3-103F2D764876}"
EndProject
Global
	GlobalSection(SolutionConfigurationPlatforms) = preSolution
		Debug|Any CPU = Debug|Any CPU
		Release|Any CPU = Release|Any CPU
	EndGlobalSection
	GlobalSection(ProjectConfigurationPlatforms) = postSolution
		{CB7D6D01-EC88-4C1E-8F76-9262BD98F330}.Debug|Any CPU.ActiveCfg = Debug|Any CPU
		{CB7D6D01-EC88-4C1E-8F76-9262BD98F330}.Debug|Any CPU.Build.0 = Debug|Any CPU
		{CB7D6D01-EC88-4C1E-8F76-9262BD98F330}.Release|Any CPU.ActiveCfg = Release|Any CPU
		{CB7D6D01-EC88-4C1E-8F76-9262BD98F330}.Release|Any CPU.Build.0 = Release|Any CPU
		{C9F7B81D-04DC-4B6E-B009-E5B87CC122DB}.Debug|Any CPU.ActiveCfg = Debug|Any CPU
		{C9F7B81D-04DC-4B6E-B009-E5B87CC122DB}.Debug|Any CPU.Build.0 = Debug|Any CPU
		{C9F7B81D-04DC-4B6E-B009-E5B87CC122DB}.Release|Any CPU.ActiveCfg = Release|Any CPU
		{C9F7B81D-04DC-4B6E-B009-E5B87CC122DB}.Release|Any CPU.Build.0 = Release|Any CPU
		{608DD70A-FDA8-4AD1-8471-52D41BE1E4D5}.Debug|Any CPU.ActiveCfg = Debug|Any CPU
		{608DD70A-FDA8-4AD1-8471-52D41BE1E4D5}.Debug|Any CPU.Build.0 = Debug|Any CPU
		{608DD70A-FDA8-4AD1-8471-52D41BE1E4D5}.Release|Any CPU.ActiveCfg = Release|Any CPU
		{608DD70A-FDA8-4AD1-8471-52D41BE1E4D5}.Release|Any CPU.Build.0 = Release|Any CPU
		{18A77EF3-2867-4FBE-93C3-103F2D764876}.Debug|Any CPU.ActiveCfg = Debug|Any CPU
		{18A77EF3-2867-4FBE-93C3-103F2D764876}.Debug|Any CPU.Build.0 = Debug|Any CPU
		{18A77EF3-2867-4FBE-93C3-103F2D764876}.Release|Any CPU.ActiveCfg = Release|Any CPU
		{18A77EF3-2867-4FBE-93C3-103F2D764876}.Release|Any CPU.Build.0 = Release|Any CPU
	EndGlobalSection
	GlobalSection(SolutionProperties) = preSolution
		HideSolutionNode = FALSE
	EndGlobalSection
	GlobalSection(NestedProjects) = preSolution
		{C63AB6D1-75C8-4493-AB2B-585B65096DD9} = {ED0E248A-2C5D-4E27-86BC-C56074AB25E9}
		{CB7D6D01-EC88-4C1E-8F76-9262BD98F330} = {C63AB6D1-75C8-4493-AB2B-585B65096DD9}
		{ED2D44E4-D7C0-4507-BDA2-A7D347BC3DC9} = {C63AB6D1-75C8-4493-AB2B-585B65096DD9}
		{C9F7B81D-04DC-4B6E-B009-E5B87CC122DB} = {ED2D44E4-D7C0-4507-BDA2-A7D347BC3DC9}
		{608DD70A-FDA8-4AD1-8471-52D41BE1E4D5} = {ED2D44E4-D7C0-4507-BDA2-A7D347BC3DC9}
		{CE5A0EA8-7457-4914-9546-40D23239AF24} = {ED0E248A-2C5D-4E27-86BC-C56074AB25E9}
		{18A77EF3-2867-4FBE-93C3-103F2D764876} = {CE5A0EA8-7457-4914-9546-40D23239AF24}
	EndGlobalSection
	GlobalSection(ExtensibilityGlobals) = postSolution
		SolutionGuid = {3604EDB0-2681-45B7-98B5-A18D9A058663}
	EndGlobalSection
EndGlobal
